// !$*UTF8*$!
{
    archiveVersion = 1;
    classes = {};
    objectVersion = 56;
    objects = {
        A00000000000000000000001 = {isa = PBXBuildFile; fileRef = A00000000000000000000002; };
        A00000000000000000000002 = {isa = PBXFileReference; lastKnownFileType = sourcecode.swift; path = Sources/NsToolBox/NsToolBoxApp.swift; sourceTree = SOURCE_ROOT; };
        A00000000000000000000003 = {isa = PBXFileReference; explicitFileType = wrapper.application; path = NsToolBox.app; sourceTree = BUILT_PRODUCTS_DIR; };
        A00000000000000000000004 = {isa = PBXFileReference; lastKnownFileType = text.plist.xml; path = Resources/Info.plist; sourceTree = SOURCE_ROOT; };
        A00000000000000000000005 = {isa = PBXBuildFile; productRef = A00000000000000000000006; };
        A00000000000000000000006 = {isa = XCSwiftPackageProductDependency; package = A00000000000000000000007; productName = ToolboxUI; };
        A00000000000000000000007 = {isa = XCLocalSwiftPackageReference; relativePath = .; };
        A00000000000000000000008 = {isa = PBXGroup; children = (A00000000000000000000002, A00000000000000000000004, A00000000000000000000009); sourceTree = "<group>"; };
        A00000000000000000000009 = {isa = PBXGroup; children = (A00000000000000000000003); name = Products; sourceTree = "<group>"; };
        A00000000000000000000010 = {isa = PBXSourcesBuildPhase; buildActionMask = 2147483647; files = (A00000000000000000000001); runOnlyForDeploymentPostprocessing = 0; };
        A00000000000000000000011 = {isa = PBXFrameworksBuildPhase; buildActionMask = 2147483647; files = (A00000000000000000000005); runOnlyForDeploymentPostprocessing = 0; };
        A00000000000000000000012 = {isa = PBXResourcesBuildPhase; buildActionMask = 2147483647; files = (); runOnlyForDeploymentPostprocessing = 0; };
        A00000000000000000000013 = {
            isa = PBXNativeTarget;
            buildConfigurationList = A00000000000000000000020;
            buildPhases = (A00000000000000000000010, A00000000000000000000011, A00000000000000000000012);
            buildRules = ();
            dependencies = ();
            name = NsToolBox;
            packageProductDependencies = (A00000000000000000000006);
            productName = NsToolBox;
            productReference = A00000000000000000000003;
            productType = "com.apple.product-type.application";
        };
        A00000000000000000000014 = {
            isa = PBXProject;
            attributes = {BuildIndependentTargetsInParallel = YES; LastUpgradeCheck = 1500; TargetAttributes = {A00000000000000000000013 = {CreatedOnToolsVersion = 15.0; }; }; };
            buildConfigurationList = A00000000000000000000021;
            compatibilityVersion = "Xcode 14.0";
            developmentRegion = "zh-Hans";
            hasScannedForEncodings = 0;
            knownRegions = ("zh-Hans", en, Base);
            mainGroup = A00000000000000000000008;
            packageReferences = (A00000000000000000000007);
            productRefGroup = A00000000000000000000009;
            projectDirPath = "";
            projectRoot = "";
            targets = (A00000000000000000000013);
        };
        A00000000000000000000015 = {isa = XCBuildConfiguration; name = Debug; buildSettings = {
            ARCHS = "$(ARCHS_STANDARD)";
            CLANG_ENABLE_MODULES = YES;
            MACOSX_DEPLOYMENT_TARGET = 13.0;
            SDKROOT = macosx;
            SWIFT_VERSION = 5.0;
            SWIFT_OPTIMIZATION_LEVEL = "-Onone";
            SWIFT_ACTIVE_COMPILATION_CONDITIONS = DEBUG;
            ONLY_ACTIVE_ARCH = YES;
            DEBUG_INFORMATION_FORMAT = dwarf;
        }; };
        A00000000000000000000016 = {isa = XCBuildConfiguration; name = Release; buildSettings = {
            ARCHS = "$(ARCHS_STANDARD)";
            CLANG_ENABLE_MODULES = YES;
            MACOSX_DEPLOYMENT_TARGET = 13.0;
            SDKROOT = macosx;
            SWIFT_VERSION = 5.0;
            SWIFT_OPTIMIZATION_LEVEL = "-O";
            SWIFT_COMPILATION_MODE = wholemodule;
            ONLY_ACTIVE_ARCH = NO;
            DEBUG_INFORMATION_FORMAT = "dwarf-with-dsym";
        }; };
        A00000000000000000000017 = {isa = XCBuildConfiguration; name = Debug; buildSettings = {
            CODE_SIGN_STYLE = Manual;
            CODE_SIGN_IDENTITY = "-";
            COMBINE_HIDPI_IMAGES = YES;
            GENERATE_INFOPLIST_FILE = NO;
            INFOPLIST_FILE = Resources/Info.plist;
            PRODUCT_BUNDLE_IDENTIFIER = com.nstoolbox.app;
            PRODUCT_NAME = "$(TARGET_NAME)";
            LD_RUNPATH_SEARCH_PATHS = ("$(inherited)", "@executable_path/../Frameworks");
        }; };
        A00000000000000000000018 = {isa = XCBuildConfiguration; name = Release; buildSettings = {
            CODE_SIGN_STYLE = Manual;
            CODE_SIGN_IDENTITY = "-";
            COMBINE_HIDPI_IMAGES = YES;
            GENERATE_INFOPLIST_FILE = NO;
            INFOPLIST_FILE = Resources/Info.plist;
            PRODUCT_BUNDLE_IDENTIFIER = com.nstoolbox.app;
            PRODUCT_NAME = "$(TARGET_NAME)";
            LD_RUNPATH_SEARCH_PATHS = ("$(inherited)", "@executable_path/../Frameworks");
        }; };
        A00000000000000000000020 = {isa = XCConfigurationList; buildConfigurations = (A00000000000000000000017, A00000000000000000000018); defaultConfigurationIsVisible = 0; defaultConfigurationName = Release; };
        A00000000000000000000021 = {isa = XCConfigurationList; buildConfigurations = (A00000000000000000000015, A00000000000000000000016); defaultConfigurationIsVisible = 0; defaultConfigurationName = Release; };
    };
    rootObject = A00000000000000000000014;
}
